
Microsoft Visual Studio Solution File, Format Version 12.00
# Visual Studio Version 17
VisualStudioVersion = 17.11.35312.102
MinimumVisualStudioVersion = 10.0.40219.1
Project("{FAE04EC0-301F-11D3-BF4B-00C04F79EFBC}") = "RomanianWeather.API", "RomanianWeather.API.csproj", "{C7DA9AAE-EED1-46A4-BFCA-28479D461B71}"
EndProject
Global
	GlobalSection(SolutionConfigurationPlatforms) = preSolution
		Debug|Any CPU = Debug|Any CPU
		Release|Any CPU = Release|Any CPU
	EndGlobalSection
	GlobalSection(ProjectConfigurationPlatforms) = postSolution
		{C7DA9AAE-EED1-46A4-BFCA-28479D461B71}.Debug|Any CPU.ActiveCfg = Debug|Any CPU
		{C7DA9AAE-EED1-46A4-BFCA-28479D461B71}.Debug|Any CPU.Build.0 = Debug|Any CPU
		{C7DA9AAE-EED1-46A4-BFCA-28479D461B71}.Release|Any CPU.ActiveCfg = Release|Any CPU
		{C7DA9AAE-EED1-46A4-BFCA-28479D461B71}.Release|Any CPU.Build.0 = Release|Any CPU
	EndGlobalSection
	GlobalSection(SolutionProperties) = preSolution
		HideSolutionNode = FALSE
	EndGlobalSection
	GlobalSection(ExtensibilityGlobals) = postSolution
		SolutionGuid = {93A71BD6-EB4A-48A0-97B8-72623A75773C}
	EndGlobalSection
EndGlobal
